// !$*UTF8*$!
{
	archiveVersion = 1;
	classes = {
	};
	objectVersion = 56;
	objects = {

/* Begin PBXBuildFile section */
		B2003B5C28F0C21100843ACF /* MovieViewModel.swift in Sources */ = {isa = PBXBuildFile; fileRef = B2402CB028E57EAC0096B74D /* MovieViewModel.swift */; };
		B20CDB1728F13ACC006725EB /* MockMovieData.swift in Sources */ = {isa = PBXBuildFile; fileRef = B20CDB1628F13ACC006725EB /* MockMovieData.swift */; };
		B20CDB1928F14949006725EB /* MovieDataTests.swift in Sources */ = {isa = PBXBuildFile; fileRef = B20CDB1828F14949006725EB /* MovieDataTests.swift */; };
		B20CDB2428F1D0F5006725EB /* MockService.swift in Sources */ = {isa = PBXBuildFile; fileRef = B20CDB2328F1D0F5006725EB /* MockService.swift */; };
		B20CDB2628F1D109006725EB /* ServiceProtocol.swift in Sources */ = {isa = PBXBuildFile; fileRef = B20CDB2528F1D109006725EB /* ServiceProtocol.swift */; };
		B20DA1B928F543F5006D6264 /* MovieDataManager.swift in Sources */ = {isa = PBXBuildFile; fileRef = B287B32228E1E8EA00F8C8DF /* MovieDataManager.swift */; };
		B20DA1BA28F543F8006D6264 /* ServiceProtocol.swift in Sources */ = {isa = PBXBuildFile; fileRef = B20CDB2528F1D109006725EB /* ServiceProtocol.swift */; };
		B20DA1BC28F54C29006D6264 /* Constants.swift in Sources */ = {isa = PBXBuildFile; fileRef = B20DA1BB28F54C29006D6264 /* Constants.swift */; };
		B2402CB128E57EAC0096B74D /* MovieViewModel.swift in Sources */ = {isa = PBXBuildFile; fileRef = B2402CB028E57EAC0096B74D /* MovieViewModel.swift */; };
		B287B30B28E1E2EF00F8C8DF /* MovieApp.swift in Sources */ = {isa = PBXBuildFile; fileRef = B287B30A28E1E2EF00F8C8DF /* MovieApp.swift */; };
		B287B30F28E1E2F100F8C8DF /* Assets.xcassets in Resources */ = {isa = PBXBuildFile; fileRef = B287B30E28E1E2F100F8C8DF /* Assets.xcassets */; };
		B287B31228E1E2F100F8C8DF /* Preview Assets.xcassets in Resources */ = {isa = PBXBuildFile; fileRef = B287B31128E1E2F100F8C8DF /* Preview Assets.xcassets */; };
		B287B31B28E1E35C00F8C8DF /* MovieView.swift in Sources */ = {isa = PBXBuildFile; fileRef = B287B31A28E1E35C00F8C8DF /* MovieView.swift */; };
		B287B31D28E1E36A00F8C8DF /* MovieDetailView.swift in Sources */ = {isa = PBXBuildFile; fileRef = B287B31C28E1E36A00F8C8DF /* MovieDetailView.swift */; };
		B287B32028E1E7A300F8C8DF /* MovieData.swift in Sources */ = {isa = PBXBuildFile; fileRef = B287B31F28E1E7A300F8C8DF /* MovieData.swift */; };
		B287B32328E1E8EA00F8C8DF /* MovieDataManager.swift in Sources */ = {isa = PBXBuildFile; fileRef = B287B32228E1E8EA00F8C8DF /* MovieDataManager.swift */; };
		B287B32528E2020400F8C8DF /* MovieImageView.swift in Sources */ = {isa = PBXBuildFile; fileRef = B287B32428E2020400F8C8DF /* MovieImageView.swift */; };
		B287B32728E2137A00F8C8DF /* MovieRatingsView.swift in Sources */ = {isa = PBXBuildFile; fileRef = B287B32628E2137A00F8C8DF /* MovieRatingsView.swift */; };
		B29A52AA28E2A57B009EB5D3 /* TextImageModifier.swift in Sources */ = {isa = PBXBuildFile; fileRef = B29A52A928E2A57B009EB5D3 /* TextImageModifier.swift */; };
		B29A52B428E32071009EB5D3 /* StarsView.swift in Sources */ = {isa = PBXBuildFile; fileRef = B29A52B328E32071009EB5D3 /* StarsView.swift */; };
		B2B3CC6328EE848500A654DD /* MovieViewModelTests.swift in Sources */ = {isa = PBXBuildFile; fileRef = B2B3CC6228EE848500A654DD /* MovieViewModelTests.swift */; };
		B2B3CC6528EE9EAF00A654DD /* MovieData.swift in Sources */ = {isa = PBXBuildFile; fileRef = B287B31F28E1E7A300F8C8DF /* MovieData.swift */; };
		B2BA0AB628F47B5D00A0165F /* MovieRatingsViewModel.swift in Sources */ = {isa = PBXBuildFile; fileRef = B2BA0AB528F47B5D00A0165F /* MovieRatingsViewModel.swift */; };
		B2BA0AB828F47C7F00A0165F /* StarsViewModel.swift in Sources */ = {isa = PBXBuildFile; fileRef = B2BA0AB728F47C7F00A0165F /* StarsViewModel.swift */; };
		B2C805F128F60D0E00FEEFE9 /* StarViewModelTests.swift in Sources */ = {isa = PBXBuildFile; fileRef = B2C805F028F60D0E00FEEFE9 /* StarViewModelTests.swift */; };
		B2C805F228F60DD900FEEFE9 /* StarsViewModel.swift in Sources */ = {isa = PBXBuildFile; fileRef = B2BA0AB728F47C7F00A0165F /* StarsViewModel.swift */; };
		B2D3B7E828F57BB40082763F /* URLSessionProtocol.swift in Sources */ = {isa = PBXBuildFile; fileRef = B2D3B7E728F57BB40082763F /* URLSessionProtocol.swift */; };
		B2D3B7EA28F57BDE0082763F /* MockURLSession.swift in Sources */ = {isa = PBXBuildFile; fileRef = B2D3B7E928F57BDE0082763F /* MockURLSession.swift */; };
		B2D3B7EB28F57C2A0082763F /* URLSessionProtocol.swift in Sources */ = {isa = PBXBuildFile; fileRef = B2D3B7E728F57BB40082763F /* URLSessionProtocol.swift */; };
		B2D3B7EC28F57EEE0082763F /* Constants.swift in Sources */ = {isa = PBXBuildFile; fileRef = B20DA1BB28F54C29006D6264 /* Constants.swift */; };
		B2D3B7EE28F57FA70082763F /* MovieData.json in Resources */ = {isa = PBXBuildFile; fileRef = B2D3B7ED28F57FA60082763F /* MovieData.json */; };
		B2D3B7F028F57FE90082763F /* URLSessionTests.swift in Sources */ = {isa = PBXBuildFile; fileRef = B2D3B7EF28F57FE90082763F /* URLSessionTests.swift */; };
/* End PBXBuildFile section */

/* Begin PBXContainerItemProxy section */
		B2B3CC5D28EE82DA00A654DD /* PBXContainerItemProxy */ = {
			isa = PBXContainerItemProxy;
			containerPortal = B287B2FF28E1E2EF00F8C8DF /* Project object */;
			proxyType = 1;
			remoteGlobalIDString = B287B30628E1E2EF00F8C8DF;
			remoteInfo = Movie;
		};
/* End PBXContainerItemProxy section */

/* Begin PBXFileReference section */
		B2013BBF28F5FAFD009156FA /* .gitignore */ = {isa = PBXFileReference; lastKnownFileType = text; path = .gitignore; sourceTree = "<group>"; };
		B2013BC128F5FBA6009156FA /* Package.swift */ = {isa = PBXFileReference; lastKnownFileType = sourcecode.swift; path = Package.swift; sourceTree = "<group>"; };
		B20CDB1628F13ACC006725EB /* MockMovieData.swift */ = {isa = PBXFileReference; lastKnownFileType = sourcecode.swift; path = MockMovieData.swift; sourceTree = "<group>"; };
		B20CDB1828F14949006725EB /* MovieDataTests.swift */ = {isa = PBXFileReference; lastKnownFileType = sourcecode.swift; path = MovieDataTests.swift; sourceTree = "<group>"; };
		B20CDB2328F1D0F5006725EB /* MockService.swift */ = {isa = PBXFileReference; lastKnownFileType = sourcecode.swift; path = MockService.swift; sourceTree = "<group>"; };
		B20CDB2528F1D109006725EB /* ServiceProtocol.swift */ = {isa = PBXFileReference; lastKnownFileType = sourcecode.swift; path = ServiceProtocol.swift; sourceTree = "<group>"; };
		B20DA1BB28F54C29006D6264 /* Constants.swift */ = {isa = PBXFileReference; lastKnownFileType = sourcecode.swift; path = Constants.swift; sourceTree = "<group>"; };
		B2402CB028E57EAC0096B74D /* MovieViewModel.swift */ = {isa = PBXFileReference; lastKnownFileType = sourcecode.swift; path = MovieViewModel.swift; sourceTree = "<group>"; };
		B287B30728E1E2EF00F8C8DF /* Movie.app */ = {isa = PBXFileReference; explicitFileType = wrapper.application; includeInIndex = 0; path = Movie.app; sourceTree = BUILT_PRODUCTS_DIR; };
		B287B30A28E1E2EF00F8C8DF /* MovieApp.swift */ = {isa = PBXFileReference; lastKnownFileType = sourcecode.swift; path = MovieApp.swift; sourceTree = "<group>"; };
		B287B30E28E1E2F100F8C8DF /* Assets.xcassets */ = {isa = PBXFileReference; lastKnownFileType = folder.assetcatalog; path = Assets.xcassets; sourceTree = "<group>"; };
		B287B31128E1E2F100F8C8DF /* Preview Assets.xcassets */ = {isa = PBXFileReference; lastKnownFileType = folder.assetcatalog; path = "Preview Assets.xcassets"; sourceTree = "<group>"; };
		B287B31A28E1E35C00F8C8DF /* MovieView.swift */ = {isa = PBXFileReference; lastKnownFileType = sourcecode.swift; path = MovieView.swift; sourceTree = "<group>"; };
		B287B31C28E1E36A00F8C8DF /* MovieDetailView.swift */ = {isa = PBXFileReference; lastKnownFileType = sourcecode.swift; path = MovieDetailView.swift; sourceTree = "<group>"; };
		B287B31F28E1E7A300F8C8DF /* MovieData.swift */ = {isa = PBXFileReference; lastKnownFileType = sourcecode.swift; path = MovieData.swift; sourceTree = "<group>"; };
		B287B32228E1E8EA00F8C8DF /* MovieDataManager.swift */ = {isa = PBXFileReference; lastKnownFileType = sourcecode.swift; path = MovieDataManager.swift; sourceTree = "<group>"; };
		B287B32428E2020400F8C8DF /* MovieImageView.swift */ = {isa = PBXFileReference; lastKnownFileType = sourcecode.swift; path = MovieImageView.swift; sourceTree = "<group>"; };
		B287B32628E2137A00F8C8DF /* MovieRatingsView.swift */ = {isa = PBXFileReference; lastKnownFileType = sourcecode.swift; path = MovieRatingsView.swift; sourceTree = "<group>"; };
		B29A52A928E2A57B009EB5D3 /* TextImageModifier.swift */ = {isa = PBXFileReference; lastKnownFileType = sourcecode.swift; path = TextImageModifier.swift; sourceTree = "<group>"; };
		B29A52B328E32071009EB5D3 /* StarsView.swift */ = {isa = PBXFileReference; lastKnownFileType = sourcecode.swift; path = StarsView.swift; sourceTree = "<group>"; };
		B2B3CC5928EE82DA00A654DD /* MovieTests.xctest */ = {isa = PBXFileReference; explicitFileType = wrapper.cfbundle; includeInIndex = 0; path = MovieTests.xctest; sourceTree = BUILT_PRODUCTS_DIR; };
		B2B3CC6228EE848500A654DD /* MovieViewModelTests.swift */ = {isa = PBXFileReference; lastKnownFileType = sourcecode.swift; path = MovieViewModelTests.swift; sourceTree = "<group>"; };
		B2BA0AB528F47B5D00A0165F /* MovieRatingsViewModel.swift */ = {isa = PBXFileReference; lastKnownFileType = sourcecode.swift; path = MovieRatingsViewModel.swift; sourceTree = "<group>"; };
		B2BA0AB728F47C7F00A0165F /* StarsViewModel.swift */ = {isa = PBXFileReference; lastKnownFileType = sourcecode.swift; path = StarsViewModel.swift; sourceTree = "<group>"; };
		B2C805F028F60D0E00FEEFE9 /* StarViewModelTests.swift */ = {isa = PBXFileReference; lastKnownFileType = sourcecode.swift; path = StarViewModelTests.swift; sourceTree = "<group>"; };
		B2D3B7E728F57BB40082763F /* URLSessionProtocol.swift */ = {isa = PBXFileReference; lastKnownFileType = sourcecode.swift; path = URLSessionProtocol.swift; sourceTree = "<group>"; };
		B2D3B7E928F57BDE0082763F /* MockURLSession.swift */ = {isa = PBXFileReference; lastKnownFileType = sourcecode.swift; path = MockURLSession.swift; sourceTree = "<group>"; };
		B2D3B7ED28F57FA60082763F /* MovieData.json */ = {isa = PBXFileReference; fileEncoding = 4; lastKnownFileType = text.json; path = MovieData.json; sourceTree = "<group>"; };
		B2D3B7EF28F57FE90082763F /* URLSessionTests.swift */ = {isa = PBXFileReference; lastKnownFileType = sourcecode.swift; path = URLSessionTests.swift; sourceTree = "<group>"; };
/* End PBXFileReference section */

/* Begin PBXFrameworksBuildPhase section */
		B287B30428E1E2EF00F8C8DF /* Frameworks */ = {
			isa = PBXFrameworksBuildPhase;
			buildActionMask = 2147483647;
			files = (
			);
			runOnlyForDeploymentPostprocessing = 0;
		};
		B2B3CC5628EE82DA00A654DD /* Frameworks */ = {
			isa = PBXFrameworksBuildPhase;
			buildActionMask = 2147483647;
			files = (
			);
			runOnlyForDeploymentPostprocessing = 0;
		};
/* End PBXFrameworksBuildPhase section */

/* Begin PBXGroup section */
		B20DA1B828F543E2006D6264 /* APIService */ = {
			isa = PBXGroup;
			children = (
				B287B32228E1E8EA00F8C8DF /* MovieDataManager.swift */,
				B20CDB2528F1D109006725EB /* ServiceProtocol.swift */,
				B2D3B7E728F57BB40082763F /* URLSessionProtocol.swift */,
			);
			path = APIService;
			sourceTree = "<group>";
		};
		B2402CAF28E57E910096B74D /* ViewModel */ = {
			isa = PBXGroup;
			children = (
				B2402CB028E57EAC0096B74D /* MovieViewModel.swift */,
				B2BA0AB528F47B5D00A0165F /* MovieRatingsViewModel.swift */,
				B2BA0AB728F47C7F00A0165F /* StarsViewModel.swift */,
			);
			path = ViewModel;
			sourceTree = "<group>";
		};
		B287B2FE28E1E2EF00F8C8DF = {
			isa = PBXGroup;
			children = (
				B2013BC128F5FBA6009156FA /* Package.swift */,
				B2013BBF28F5FAFD009156FA /* .gitignore */,
				B287B30928E1E2EF00F8C8DF /* Movie */,
				B2B3CC5A28EE82DA00A654DD /* MovieTests */,
				B287B30828E1E2EF00F8C8DF /* Products */,
			);
			sourceTree = "<group>";
		};
		B287B30828E1E2EF00F8C8DF /* Products */ = {
			isa = PBXGroup;
			children = (
				B287B30728E1E2EF00F8C8DF /* Movie.app */,
				B2B3CC5928EE82DA00A654DD /* MovieTests.xctest */,
			);
			name = Products;
			sourceTree = "<group>";
		};
		B287B30928E1E2EF00F8C8DF /* Movie */ = {
			isa = PBXGroup;
			children = (
				B287B31928E1E30D00F8C8DF /* App */,
				B287B31E28E1E79100F8C8DF /* Data */,
				B20DA1B828F543E2006D6264 /* APIService */,
				B287B31828E1E30600F8C8DF /* Views */,
				B2402CAF28E57E910096B74D /* ViewModel */,
				B2BA0AB928F49DC300A0165F /* Modifier */,
				B2D3B7E628F564770082763F /* Utilities */,
				B287B30E28E1E2F100F8C8DF /* Assets.xcassets */,
				B287B31028E1E2F100F8C8DF /* Preview Content */,
			);
			path = Movie;
			sourceTree = "<group>";
		};
		B287B31028E1E2F100F8C8DF /* Preview Content */ = {
			isa = PBXGroup;
			children = (
				B287B31128E1E2F100F8C8DF /* Preview Assets.xcassets */,
			);
			path = "Preview Content";
			sourceTree = "<group>";
		};
		B287B31828E1E30600F8C8DF /* Views */ = {
			isa = PBXGroup;
			children = (
				B287B31A28E1E35C00F8C8DF /* MovieView.swift */,
				B287B31C28E1E36A00F8C8DF /* MovieDetailView.swift */,
				B287B32428E2020400F8C8DF /* MovieImageView.swift */,
				B287B32628E2137A00F8C8DF /* MovieRatingsView.swift */,
				B29A52B328E32071009EB5D3 /* StarsView.swift */,
			);
			path = Views;
			sourceTree = "<group>";
		};
		B287B31928E1E30D00F8C8DF /* App */ = {
			isa = PBXGroup;
			children = (
				B287B30A28E1E2EF00F8C8DF /* MovieApp.swift */,
			);
			path = App;
			sourceTree = "<group>";
		};
		B287B31E28E1E79100F8C8DF /* Data */ = {
			isa = PBXGroup;
			children = (
				B287B31F28E1E7A300F8C8DF /* MovieData.swift */,
			);
			path = Data;
			sourceTree = "<group>";
		};
		B2B3CC5A28EE82DA00A654DD /* MovieTests */ = {
			isa = PBXGroup;
			children = (
				B2D3B7ED28F57FA60082763F /* MovieData.json */,
				B2D3B7E928F57BDE0082763F /* MockURLSession.swift */,
				B2D3B7EF28F57FE90082763F /* URLSessionTests.swift */,
				B20CDB2328F1D0F5006725EB /* MockService.swift */,
				B20CDB1628F13ACC006725EB /* MockMovieData.swift */,
				B2B3CC6228EE848500A654DD /* MovieViewModelTests.swift */,
				B20CDB1828F14949006725EB /* MovieDataTests.swift */,
				B2C805F028F60D0E00FEEFE9 /* StarViewModelTests.swift */,
			);
			path = MovieTests;
			sourceTree = "<group>";
		};
		B2BA0AB928F49DC300A0165F /* Modifier */ = {
			isa = PBXGroup;
			children = (
				B29A52A928E2A57B009EB5D3 /* TextImageModifier.swift */,
			);
			path = Modifier;
			sourceTree = "<group>";
		};
		B2D3B7E628F564770082763F /* Utilities */ = {
			isa = PBXGroup;
			children = (
				B20DA1BB28F54C29006D6264 /* Constants.swift */,
			);
			path = Utilities;
			sourceTree = "<group>";
		};
/* End PBXGroup section */

/* Begin PBXNativeTarget section */
		B287B30628E1E2EF00F8C8DF /* Movie */ = {
			isa = PBXNativeTarget;
			buildConfigurationList = B287B31528E1E2F100F8C8DF /* Build configuration list for PBXNativeTarget "Movie" */;
			buildPhases = (
				B287B30328E1E2EF00F8C8DF /* Sources */,
				B287B30428E1E2EF00F8C8DF /* Frameworks */,
				B287B30528E1E2EF00F8C8DF /* Resources */,
			);
			buildRules = (
			);
			dependencies = (
				B2013BC328F5FD3A009156FA /* PBXTargetDependency */,
			);
			name = Movie;
			productName = Movie;
			productReference = B287B30728E1E2EF00F8C8DF /* Movie.app */;
			productType = "com.apple.product-type.application";
		};
		B2B3CC5828EE82DA00A654DD /* MovieTests */ = {
			isa = PBXNativeTarget;
			buildConfigurationList = B2B3CC6128EE82DA00A654DD /* Build configuration list for PBXNativeTarget "MovieTests" */;
			buildPhases = (
				B2B3CC5528EE82DA00A654DD /* Sources */,
				B2B3CC5628EE82DA00A654DD /* Frameworks */,
				B2B3CC5728EE82DA00A654DD /* Resources */,
			);
			buildRules = (
			);
			dependencies = (
				B25CD54028F5FDEF00AB233C /* PBXTargetDependency */,
				B2B3CC5E28EE82DA00A654DD /* PBXTargetDependency */,
			);
			name = MovieTests;
			productName = MovieTests;
			productReference = B2B3CC5928EE82DA00A654DD /* MovieTests.xctest */;
			productType = "com.apple.product-type.bundle.unit-test";
		};
/* End PBXNativeTarget section */

/* Begin PBXProject section */
		B287B2FF28E1E2EF00F8C8DF /* Project object */ = {
			isa = PBXProject;
			attributes = {
				BuildIndependentTargetsInParallel = 1;
				LastSwiftUpdateCheck = 1400;
				LastUpgradeCheck = 1400;
				TargetAttributes = {
					B287B30628E1E2EF00F8C8DF = {
						CreatedOnToolsVersion = 14.0;
					};
					B2B3CC5828EE82DA00A654DD = {
						CreatedOnToolsVersion = 14.0.1;
						TestTargetID = B287B30628E1E2EF00F8C8DF;
					};
				};
			};
			buildConfigurationList = B287B30228E1E2EF00F8C8DF /* Build configuration list for PBXProject "Movie" */;
			compatibilityVersion = "Xcode 14.0";
			developmentRegion = en;
			hasScannedForEncodings = 0;
			knownRegions = (
				en,
				Base,
			);
			mainGroup = B287B2FE28E1E2EF00F8C8DF;
			packageReferences = (
				B2013BC028F5FB58009156FA /* XCRemoteSwiftPackageReference "SwiftLintPlugin" */,
			);
			productRefGroup = B287B30828E1E2EF00F8C8DF /* Products */;
			projectDirPath = "";
			projectRoot = "";
			targets = (
				B287B30628E1E2EF00F8C8DF /* Movie */,
				B2B3CC5828EE82DA00A654DD /* MovieTests */,
			);
		};
/* End PBXProject section */

/* Begin PBXResourcesBuildPhase section */
		B287B30528E1E2EF00F8C8DF /* Resources */ = {
			isa = PBXResourcesBuildPhase;
			buildActionMask = 2147483647;
			files = (
				B287B31228E1E2F100F8C8DF /* Preview Assets.xcassets in Resources */,
				B287B30F28E1E2F100F8C8DF /* Assets.xcassets in Resources */,
			);
			runOnlyForDeploymentPostprocessing = 0;
		};
		B2B3CC5728EE82DA00A654DD /* Resources */ = {
			isa = PBXResourcesBuildPhase;
			buildActionMask = 2147483647;
			files = (
				B2D3B7EE28F57FA70082763F /* MovieData.json in Resources */,
			);
			runOnlyForDeploymentPostprocessing = 0;
		};
/* End PBXResourcesBuildPhase section */

/* Begin PBXSourcesBuildPhase section */
		B287B30328E1E2EF00F8C8DF /* Sources */ = {
			isa = PBXSourcesBuildPhase;
			buildActionMask = 2147483647;
			files = (
				B2D3B7E828F57BB40082763F /* URLSessionProtocol.swift in Sources */,
				B29A52AA28E2A57B009EB5D3 /* TextImageModifier.swift in Sources */,
				B2402CB128E57EAC0096B74D /* MovieViewModel.swift in Sources */,
				B287B32328E1E8EA00F8C8DF /* MovieDataManager.swift in Sources */,
				B287B32528E2020400F8C8DF /* MovieImageView.swift in Sources */,
				B287B31B28E1E35C00F8C8DF /* MovieView.swift in Sources */,
				B287B32728E2137A00F8C8DF /* MovieRatingsView.swift in Sources */,
				B287B31D28E1E36A00F8C8DF /* MovieDetailView.swift in Sources */,
				B287B32028E1E7A300F8C8DF /* MovieData.swift in Sources */,
				B2BA0AB828F47C7F00A0165F /* StarsViewModel.swift in Sources */,
				B29A52B428E32071009EB5D3 /* StarsView.swift in Sources */,
				B287B30B28E1E2EF00F8C8DF /* MovieApp.swift in Sources */,
				B20DA1BC28F54C29006D6264 /* Constants.swift in Sources */,
				B2BA0AB628F47B5D00A0165F /* MovieRatingsViewModel.swift in Sources */,
				B20CDB2628F1D109006725EB /* ServiceProtocol.swift in Sources */,
			);
			runOnlyForDeploymentPostprocessing = 0;
		};
		B2B3CC5528EE82DA00A654DD /* Sources */ = {
			isa = PBXSourcesBuildPhase;
			buildActionMask = 2147483647;
			files = (
				B2C805F128F60D0E00FEEFE9 /* StarViewModelTests.swift in Sources */,
				B2D3B7EB28F57C2A0082763F /* URLSessionProtocol.swift in Sources */,
				B2D3B7EC28F57EEE0082763F /* Constants.swift in Sources */,
				B2D3B7F028F57FE90082763F /* URLSessionTests.swift in Sources */,
				B20CDB1728F13ACC006725EB /* MockMovieData.swift in Sources */,
				B20CDB2428F1D0F5006725EB /* MockService.swift in Sources */,
				B2B3CC6528EE9EAF00A654DD /* MovieData.swift in Sources */,
				B20DA1BA28F543F8006D6264 /* ServiceProtocol.swift in Sources */,
				B2C805F228F60DD900FEEFE9 /* StarsViewModel.swift in Sources */,
				B20CDB1928F14949006725EB /* MovieDataTests.swift in Sources */,
				B20DA1B928F543F5006D6264 /* MovieDataManager.swift in Sources */,
				B2D3B7EA28F57BDE0082763F /* MockURLSession.swift in Sources */,
				B2B3CC6328EE848500A654DD /* MovieViewModelTests.swift in Sources */,
				B2003B5C28F0C21100843ACF /* MovieViewModel.swift in Sources */,
			);
			runOnlyForDeploymentPostprocessing = 0;
		};
/* End PBXSourcesBuildPhase section */

/* Begin PBXTargetDependency section */
		B2013BC328F5FD3A009156FA /* PBXTargetDependency */ = {
			isa = PBXTargetDependency;
			productRef = B2013BC228F5FD3A009156FA /* SwiftLint */;
		};
		B25CD54028F5FDEF00AB233C /* PBXTargetDependency */ = {
			isa = PBXTargetDependency;
			productRef = B25CD53F28F5FDEF00AB233C /* SwiftLint */;
		};
		B2B3CC5E28EE82DA00A654DD /* PBXTargetDependency */ = {
			isa = PBXTargetDependency;
			target = B287B30628E1E2EF00F8C8DF /* Movie */;
			targetProxy = B2B3CC5D28EE82DA00A654DD /* PBXContainerItemProxy */;
		};
/* End PBXTargetDependency section */

/* Begin XCBuildConfiguration section */
		B287B31328E1E2F100F8C8DF /* Debug */ = {
			isa = XCBuildConfiguration;
			buildSettings = {
				ALWAYS_SEARCH_USER_PATHS = NO;
				CLANG_ANALYZER_NONNULL = YES;
				CLANG_ANALYZER_NUMBER_OBJECT_CONVERSION = YES_AGGRESSIVE;
				CLANG_CXX_LANGUAGE_STANDARD = "gnu++20";
				CLANG_ENABLE_MODULES = YES;
				CLANG_ENABLE_OBJC_ARC = YES;
				CLANG_ENABLE_OBJC_WEAK = YES;
				CLANG_WARN_BLOCK_CAPTURE_AUTORELEASING = YES;
				CLANG_WARN_BOOL_CONVERSION = YES;
				CLANG_WARN_COMMA = YES;
				CLANG_WARN_CONSTANT_CONVERSION = YES;
				CLANG_WARN_DEPRECATED_OBJC_IMPLEMENTATIONS = YES;
				CLANG_WARN_DIRECT_OBJC_ISA_USAGE = YES_ERROR;
				CLANG_WARN_DOCUMENTATION_COMMENTS = YES;
				CLANG_WARN_EMPTY_BODY = YES;
				CLANG_WARN_ENUM_CONVERSION = YES;
				CLANG_WARN_INFINITE_RECURSION = YES;
				CLANG_WARN_INT_CONVERSION = YES;
				CLANG_WARN_NON_LITERAL_NULL_CONVERSION = YES;
				CLANG_WARN_OBJC_IMPLICIT_RETAIN_SELF = YES;
				CLANG_WARN_OBJC_LITERAL_CONVERSION = YES;
				CLANG_WARN_OBJC_ROOT_CLASS = YES_ERROR;
				CLANG_WARN_QUOTED_INCLUDE_IN_FRAMEWORK_HEADER = YES;
				CLANG_WARN_RANGE_LOOP_ANALYSIS = YES;
				CLANG_WARN_STRICT_PROTOTYPES = YES;
				CLANG_WARN_SUSPICIOUS_MOVE = YES;
				CLANG_WARN_UNGUARDED_AVAILABILITY = YES_AGGRESSIVE;
				CLANG_WARN_UNREACHABLE_CODE = YES;
				CLANG_WARN__DUPLICATE_METHOD_MATCH = YES;
				COPY_PHASE_STRIP = NO;
				DEBUG_INFORMATION_FORMAT = dwarf;
				ENABLE_STRICT_OBJC_MSGSEND = YES;
				ENABLE_TESTABILITY = YES;
				GCC_C_LANGUAGE_STANDARD = gnu11;
				GCC_DYNAMIC_NO_PIC = NO;
				GCC_NO_COMMON_BLOCKS = YES;
				GCC_OPTIMIZATION_LEVEL = 0;
				GCC_PREPROCESSOR_DEFINITIONS = (
					"DEBUG=1",
					"$(inherited)",
				);
				GCC_WARN_64_TO_32_BIT_CONVERSION = YES;
				GCC_WARN_ABOUT_RETURN_TYPE = YES_ERROR;
				GCC_WARN_UNDECLARED_SELECTOR = YES;
				GCC_WARN_UNINITIALIZED_AUTOS = YES_AGGRESSIVE;
				GCC_WARN_UNUSED_FUNCTION = YES;
				GCC_WARN_UNUSED_VARIABLE = YES;
				IPHONEOS_DEPLOYMENT_TARGET = 16.0;
				MTL_ENABLE_DEBUG_INFO = INCLUDE_SOURCE;
				MTL_FAST_MATH = YES;
				ONLY_ACTIVE_ARCH = YES;
				SDKROOT = iphoneos;
				SWIFT_ACTIVE_COMPILATION_CONDITIONS = DEBUG;
				SWIFT_OPTIMIZATION_LEVEL = "-Onone";
			};
			name = Debug;
		};
		B287B31428E1E2F100F8C8DF /* Release */ = {
			isa = XCBuildConfiguration;
			buildSettings = {
				ALWAYS_SEARCH_USER_PATHS = NO;
				CLANG_ANALYZER_NONNULL = YES;
				CLANG_ANALYZER_NUMBER_OBJECT_CONVERSION = YES_AGGRESSIVE;
				CLANG_CXX_LANGUAGE_STANDARD = "gnu++20";
				CLANG_ENABLE_MODULES = YES;
				CLANG_ENABLE_OBJC_ARC = YES;
				CLANG_ENABLE_OBJC_WEAK = YES;
				CLANG_WARN_BLOCK_CAPTURE_AUTORELEASING = YES;
				CLANG_WARN_BOOL_CONVERSION = YES;
				CLANG_WARN_COMMA = YES;
				CLANG_WARN_CONSTANT_CONVERSION = YES;
				CLANG_WARN_DEPRECATED_OBJC_IMPLEMENTATIONS = YES;
				CLANG_WARN_DIRECT_OBJC_ISA_USAGE = YES_ERROR;
				CLANG_WARN_DOCUMENTATION_COMMENTS = YES;
				CLANG_WARN_EMPTY_BODY = YES;
				CLANG_WARN_ENUM_CONVERSION = YES;
				CLANG_WARN_INFINITE_RECURSION = YES;
				CLANG_WARN_INT_CONVERSION = YES;
				CLANG_WARN_NON_LITERAL_NULL_CONVERSION = YES;
				CLANG_WARN_OBJC_IMPLICIT_RETAIN_SELF = YES;
				CLANG_WARN_OBJC_LITERAL_CONVERSION = YES;
				CLANG_WARN_OBJC_ROOT_CLASS = YES_ERROR;
				CLANG_WARN_QUOTED_INCLUDE_IN_FRAMEWORK_HEADER = YES;
				CLANG_WARN_RANGE_LOOP_ANALYSIS = YES;
				CLANG_WARN_STRICT_PROTOTYPES = YES;
				CLANG_WARN_SUSPICIOUS_MOVE = YES;
				CLANG_WARN_UNGUARDED_AVAILABILITY = YES_AGGRESSIVE;
				CLANG_WARN_UNREACHABLE_CODE = YES;
				CLANG_WARN__DUPLICATE_METHOD_MATCH = YES;
				COPY_PHASE_STRIP = NO;
				DEBUG_INFORMATION_FORMAT = "dwarf-with-dsym";
				ENABLE_NS_ASSERTIONS = NO;
				ENABLE_STRICT_OBJC_MSGSEND = YES;
				GCC_C_LANGUAGE_STANDARD = gnu11;
				GCC_NO_COMMON_BLOCKS = YES;
				GCC_WARN_64_TO_32_BIT_CONVERSION = YES;
				GCC_WARN_ABOUT_RETURN_TYPE = YES_ERROR;
				GCC_WARN_UNDECLARED_SELECTOR = YES;
				GCC_WARN_UNINITIALIZED_AUTOS = YES_AGGRESSIVE;
				GCC_WARN_UNUSED_FUNCTION = YES;
				GCC_WARN_UNUSED_VARIABLE = YES;
				IPHONEOS_DEPLOYMENT_TARGET = 16.0;
				MTL_ENABLE_DEBUG_INFO = NO;
				MTL_FAST_MATH = YES;
				SDKROOT = iphoneos;
				SWIFT_COMPILATION_MODE = wholemodule;
				SWIFT_OPTIMIZATION_LEVEL = "-O";
				VALIDATE_PRODUCT = YES;
			};
			name = Release;
		};
		B287B31628E1E2F100F8C8DF /* Debug */ = {
			isa = XCBuildConfiguration;
			buildSettings = {
				ASSETCATALOG_COMPILER_APPICON_NAME = AppIcon;
				ASSETCATALOG_COMPILER_GLOBAL_ACCENT_COLOR_NAME = AccentColor;
				CODE_SIGN_STYLE = Automatic;
				CURRENT_PROJECT_VERSION = 1;
				DEVELOPMENT_ASSET_PATHS = "\"Movie/Preview Content\"";
				ENABLE_PREVIEWS = YES;
				GENERATE_INFOPLIST_FILE = YES;
				INFOPLIST_KEY_UIApplicationSceneManifest_Generation = YES;
				INFOPLIST_KEY_UIApplicationSupportsIndirectInputEvents = YES;
				INFOPLIST_KEY_UILaunchScreen_Generation = YES;
				INFOPLIST_KEY_UISupportedInterfaceOrientations_iPad = "UIInterfaceOrientationPortrait UIInterfaceOrientationPortraitUpsideDown UIInterfaceOrientationLandscapeLeft UIInterfaceOrientationLandscapeRight";
				INFOPLIST_KEY_UISupportedInterfaceOrientations_iPhone = "UIInterfaceOrientationPortrait UIInterfaceOrientationLandscapeLeft UIInterfaceOrientationLandscapeRight";
				LD_RUNPATH_SEARCH_PATHS = (
					"$(inherited)",
					"@executable_path/Frameworks",
				);
				MARKETING_VERSION = 1.0;
				PRODUCT_BUNDLE_IDENTIFIER = com.thoughtworks.Movie;
				PRODUCT_NAME = "$(TARGET_NAME)";
				SWIFT_EMIT_LOC_STRINGS = YES;
				SWIFT_VERSION = 5.0;
				TARGETED_DEVICE_FAMILY = "1,2";
			};
			name = Debug;
		};
		B287B31728E1E2F100F8C8DF /* Release */ = {
			isa = XCBuildConfiguration;
			buildSettings = {
				ASSETCATALOG_COMPILER_APPICON_NAME = AppIcon;
				ASSETCATALOG_COMPILER_GLOBAL_ACCENT_COLOR_NAME = AccentColor;
				CODE_SIGN_STYLE = Automatic;
				CURRENT_PROJECT_VERSION = 1;
				DEVELOPMENT_ASSET_PATHS = "\"Movie/Preview Content\"";
				ENABLE_PREVIEWS = YES;
				GENERATE_INFOPLIST_FILE = YES;
				INFOPLIST_KEY_UIApplicationSceneManifest_Generation = YES;
				INFOPLIST_KEY_UIApplicationSupportsIndirectInputEvents = YES;
				INFOPLIST_KEY_UILaunchScreen_Generation = YES;
				INFOPLIST_KEY_UISupportedInterfaceOrientations_iPad = "UIInterfaceOrientationPortrait UIInterfaceOrientationPortraitUpsideDown UIInterfaceOrientationLandscapeLeft UIInterfaceOrientationLandscapeRight";
				INFOPLIST_KEY_UISupportedInterfaceOrientations_iPhone = "UIInterfaceOrientationPortrait UIInterfaceOrientationLandscapeLeft UIInterfaceOrientationLandscapeRight";
				LD_RUNPATH_SEARCH_PATHS = (
					"$(inherited)",
					"@executable_path/Frameworks",
				);
				MARKETING_VERSION = 1.0;
				PRODUCT_BUNDLE_IDENTIFIER = com.thoughtworks.Movie;
				PRODUCT_NAME = "$(TARGET_NAME)";
				SWIFT_EMIT_LOC_STRINGS = YES;
				SWIFT_VERSION = 5.0;
				TARGETED_DEVICE_FAMILY = "1,2";
			};
			name = Release;
		};
		B2B3CC5F28EE82DA00A654DD /* Debug */ = {
			isa = XCBuildConfiguration;
			buildSettings = {
				BUNDLE_LOADER = "$(TEST_HOST)";
				CODE_SIGN_STYLE = Automatic;
				CURRENT_PROJECT_VERSION = 1;
				GENERATE_INFOPLIST_FILE = YES;
				MARKETING_VERSION = 1.0;
				PRODUCT_BUNDLE_IDENTIFIER = com.thoughtworks.MovieTests;
				PRODUCT_NAME = "$(TARGET_NAME)";
				SWIFT_EMIT_LOC_STRINGS = NO;
				SWIFT_VERSION = 5.0;
				TARGETED_DEVICE_FAMILY = "1,2";
				TEST_HOST = "$(BUILT_PRODUCTS_DIR)/Movie.app/$(BUNDLE_EXECUTABLE_FOLDER_PATH)/Movie";
			};
			name = Debug;
		};
		B2B3CC6028EE82DA00A654DD /* Release */ = {
			isa = XCBuildConfiguration;
			buildSettings = {
				BUNDLE_LOADER = "$(TEST_HOST)";
				CODE_SIGN_STYLE = Automatic;
				CURRENT_PROJECT_VERSION = 1;
				GENERATE_INFOPLIST_FILE = YES;
				MARKETING_VERSION = 1.0;
				PRODUCT_BUNDLE_IDENTIFIER = com.thoughtworks.MovieTests;
				PRODUCT_NAME = "$(TARGET_NAME)";
				SWIFT_EMIT_LOC_STRINGS = NO;
				SWIFT_VERSION = 5.0;
				TARGETED_DEVICE_FAMILY = "1,2";
				TEST_HOST = "$(BUILT_PRODUCTS_DIR)/Movie.app/$(BUNDLE_EXECUTABLE_FOLDER_PATH)/Movie";
			};
			name = Release;
		};
/* End XCBuildConfiguration section */

/* Begin XCConfigurationList section */
		B287B30228E1E2EF00F8C8DF /* Build configuration list for PBXProject "Movie" */ = {
			isa = XCConfigurationList;
			buildConfigurations = (
				B287B31328E1E2F100F8C8DF /* Debug */,
				B287B31428E1E2F100F8C8DF /* Release */,
			);
			defaultConfigurationIsVisible = 0;
			defaultConfigurationName = Release;
		};
		B287B31528E1E2F100F8C8DF /* Build configuration list for PBXNativeTarget "Movie" */ = {
			isa = XCConfigurationList;
			buildConfigurations = (
				B287B31628E1E2F100F8C8DF /* Debug */,
				B287B31728E1E2F100F8C8DF /* Release */,
			);
			defaultConfigurationIsVisible = 0;
			defaultConfigurationName = Release;
		};
		B2B3CC6128EE82DA00A654DD /* Build configuration list for PBXNativeTarget "MovieTests" */ = {
			isa = XCConfigurationList;
			buildConfigurations = (
				B2B3CC5F28EE82DA00A654DD /* Debug */,
				B2B3CC6028EE82DA00A654DD /* Release */,
			);
			defaultConfigurationIsVisible = 0;
			defaultConfigurationName = Release;
		};
/* End XCConfigurationList section */

/* Begin XCRemoteSwiftPackageReference section */
		B2013BC028F5FB58009156FA /* XCRemoteSwiftPackageReference "SwiftLintPlugin" */ = {
			isa = XCRemoteSwiftPackageReference;
			repositoryURL = "https://github.com/lukepistrol/SwiftLintPlugin.git";
			requirement = {
				kind = upToNextMajorVersion;
				minimumVersion = 0.0.4;
			};
		};
/* End XCRemoteSwiftPackageReference section */

/* Begin XCSwiftPackageProductDependency section */
		B2013BC228F5FD3A009156FA /* SwiftLint */ = {
			isa = XCSwiftPackageProductDependency;
			package = B2013BC028F5FB58009156FA /* XCRemoteSwiftPackageReference "SwiftLintPlugin" */;
			productName = "plugin:SwiftLint";
		};
		B25CD53F28F5FDEF00AB233C /* SwiftLint */ = {
			isa = XCSwiftPackageProductDependency;
			package = B2013BC028F5FB58009156FA /* XCRemoteSwiftPackageReference "SwiftLintPlugin" */;
			productName = "plugin:SwiftLint";
		};
/* End XCSwiftPackageProductDependency section */
	};
	rootObject = B287B2FF28E1E2EF00F8C8DF /* Project object */;
}
